# Exact-pinned dependency contract for CI, initial VPS deploy, and same-commit
# activated recovery. Deploy paths install every entry with --no-deps and do
# not run an editable install or pip upgrade, so pyproject range resolution and
# unpinned build isolation cannot silently alter an authorized runtime.
# This file pins versions, not distribution hashes; regenerating it therefore
# requires review and a new authorized commit.
#
# Regenerate from an empty Python 3.11 environment after installing `.[dev]`;
# omit only the local liquidity-migration wheel from `pip freeze`.
ast_serialize==0.8.0
certifi==2026.7.22
charset-normalizer==3.5.1
contourpy==1.3.3
cycler==0.12.1
fonttools==4.63.0
idna==3.19
iniconfig==2.3.0
kiwisolver==1.5.1
librt==0.15.0
matplotlib==3.11.1
mypy==2.3.1
mypy_extensions==1.1.0
numpy==2.4.6
packaging==26.3
pathspec==1.1.1
pillow==12.3.0
pluggy==1.6.0
polars==1.44.1
polars-runtime-32==1.44.1
pyarrow==25.0.1
pybit==5.17.0
pycryptodome==3.23.0
Pygments==2.21.0
pyparsing==3.3.2
pytest==9.1.1
python-dateutil==2.9.0.post0
PyYAML==6.0.3
requests==2.34.2
ruff==0.16.5
six==1.17.0
types-PyYAML==6.0.12.20260815
typing_extensions==4.16.0
urllib3==2.7.0
websocket-client==1.9.1
